
Microsoft Visual Studio Solution File, Format Version 12.00
# Visual Studio 14
VisualStudioVersion = 14.0.24720.0
MinimumVisualStudioVersion = 10.0.40219.1
Project("{8BC9CEB8-8B4A-11D0-8D11-00A0C91BC942}") = "Windmills", "TriangleTest\TriangleTest.vcxproj", "{0D0F643B-DEDD-4E9C-B5F8-1069BF6754B2}"
EndProject
Project("{2150E333-8FDC-42A3-9474-1A3956D46DE8}") = "res", "res", "{12AC71EF-4719-41FE-95E8-03787C810247}"
	ProjectSection(SolutionItems) = preProject
		..\Purple_tentacle.png = ..\Purple_tentacle.png
		TriangleTest\res\tiling_clouds.jpg = TriangleTest\res\tiling_clouds.jpg
	EndProjectSection
EndProject
Global
	GlobalSection(SolutionConfigurationPlatforms) = preSolution
		Debug|x64 = Debug|x64
		Debug|x86 = Debug|x86
		Release|x64 = Release|x64
		Release|x86 = Release|x86
	EndGlobalSection
	GlobalSection(ProjectConfigurationPlatforms) = postSolution
		{0D0F643B-DEDD-4E9C-B5F8-1069BF6754B2}.Debug|x64.ActiveCfg = Debug|Win32
		{0D0F643B-DEDD-4E9C-B5F8-1069BF6754B2}.Debug|x64.Build.0 = Debug|Win32
		{0D0F643B-DEDD-4E9C-B5F8-1069BF6754B2}.Debug|x86.ActiveCfg = Debug|x64
		{0D0F643B-DEDD-4E9C-B5F8-1069BF6754B2}.Debug|x86.Build.0 = Debug|x64
		{0D0F643B-DEDD-4E9C-B5F8-1069BF6754B2}.Release|x64.ActiveCfg = Release|x64
		{0D0F643B-DEDD-4E9C-B5F8-1069BF6754B2}.Release|x64.Build.0 = Release|x64
		{0D0F643B-DEDD-4E9C-B5F8-1069BF6754B2}.Release|x86.ActiveCfg = Release|Win32
		{0D0F643B-DEDD-4E9C-B5F8-1069BF6754B2}.Release|x86.Build.0 = Release|Win32
	EndGlobalSection
	GlobalSection(SolutionProperties) = preSolution
		HideSolutionNode = FALSE
	EndGlobalSection
EndGlobal
